// !$*UTF8*$!
{
	archiveVersion = 1;
	classes = {
	};
	objectVersion = 50;
	objects = {

/* Begin PBXBuildFile section */
		FADA3B3A2409506000E0DB2D /* AppDelegate.swift in Sources */ = {isa = PBXBuildFile; fileRef = FADA3B392409506000E0DB2D /* AppDelegate.swift */; };
		FADA3B3C2409506000E0DB2D /* SceneDelegate.swift in Sources */ = {isa = PBXBuildFile; fileRef = FADA3B3B2409506000E0DB2D /* SceneDelegate.swift */; };
		FADA3B412409506000E0DB2D /* Main.storyboard in Resources */ = {isa = PBXBuildFile; fileRef = FADA3B3F2409506000E0DB2D /* Main.storyboard */; };
		FADA3B432409506100E0DB2D /* Assets.xcassets in Resources */ = {isa = PBXBuildFile; fileRef = FADA3B422409506100E0DB2D /* Assets.xcassets */; };
		FADA3B462409506100E0DB2D /* LaunchScreen.storyboard in Resources */ = {isa = PBXBuildFile; fileRef = FADA3B442409506100E0DB2D /* LaunchScreen.storyboard */; };
		FADA3B542409520B00E0DB2D /* LoadingUI.framework in Frameworks */ = {isa = PBXBuildFile; fileRef = FADA3B53240950C200E0DB2D /* LoadingUI.framework */; };
		FADA3B552409520B00E0DB2D /* LoadingUI.framework in Embed Frameworks */ = {isa = PBXBuildFile; fileRef = FADA3B53240950C200E0DB2D /* LoadingUI.framework */; settings = {ATTRIBUTES = (CodeSignOnCopy, RemoveHeadersOnCopy, ); }; };
		FADA3B5C240953DE00E0DB2D /* MainViewController.swift in Sources */ = {isa = PBXBuildFile; fileRef = FADA3B5B240953DE00E0DB2D /* MainViewController.swift */; };
/* End PBXBuildFile section */

/* Begin PBXContainerItemProxy section */
		FADA3B52240950C200E0DB2D /* PBXContainerItemProxy */ = {
			isa = PBXContainerItemProxy;
			containerPortal = FADA3B4E240950C200E0DB2D /* LoadingUI.xcodeproj */;
			proxyType = 2;
			remoteGlobalIDString = FADA3B222409504D00E0DB2D;
			remoteInfo = LoadingUI;
		};
/* End PBXContainerItemProxy section */

/* Begin PBXCopyFilesBuildPhase section */
		FADA3B562409520C00E0DB2D /* Embed Frameworks */ = {
			isa = PBXCopyFilesBuildPhase;
			buildActionMask = 2147483647;
			dstPath = "";
			dstSubfolderSpec = 10;
			files = (
				FADA3B552409520B00E0DB2D /* LoadingUI.framework in Embed Frameworks */,
			);
			name = "Embed Frameworks";
			runOnlyForDeploymentPostprocessing = 0;
		};
/* End PBXCopyFilesBuildPhase section */

/* Begin PBXFileReference section */
		FADA3B362409505F00E0DB2D /* LoadingUITest.app */ = {isa = PBXFileReference; explicitFileType = wrapper.application; includeInIndex = 0; path = LoadingUITest.app; sourceTree = BUILT_PRODUCTS_DIR; };
		FADA3B392409506000E0DB2D /* AppDelegate.swift */ = {isa = PBXFileReference; lastKnownFileType = sourcecode.swift; path = AppDelegate.swift; sourceTree = "<group>"; };
		FADA3B3B2409506000E0DB2D /* SceneDelegate.swift */ = {isa = PBXFileReference; lastKnownFileType = sourcecode.swift; path = SceneDelegate.swift; sourceTree = "<group>"; };
		FADA3B402409506000E0DB2D /* Base */ = {isa = PBXFileReference; lastKnownFileType = file.storyboard; name = Base; path = Base.lproj/Main.storyboard; sourceTree = "<group>"; };
		FADA3B422409506100E0DB2D /* Assets.xcassets */ = {isa = PBXFileReference; lastKnownFileType = folder.assetcatalog; path = Assets.xcassets; sourceTree = "<group>"; };
		FADA3B452409506100E0DB2D /* Base */ = {isa = PBXFileReference; lastKnownFileType = file.storyboard; name = Base; path = Base.lproj/LaunchScreen.storyboard; sourceTree = "<group>"; };
		FADA3B472409506100E0DB2D /* Info.plist */ = {isa = PBXFileReference; lastKnownFileType = text.plist.xml; path = Info.plist; sourceTree = "<group>"; };
		FADA3B4E240950C200E0DB2D /* LoadingUI.xcodeproj */ = {isa = PBXFileReference; lastKnownFileType = "wrapper.pb-project"; name = LoadingUI.xcodeproj; path = ../../LoadingUI/LoadingUI.xcodeproj; sourceTree = "<group>"; };
		FADA3B5B240953DE00E0DB2D /* MainViewController.swift */ = {isa = PBXFileReference; lastKnownFileType = sourcecode.swift; path = MainViewController.swift; sourceTree = "<group>"; };
/* End PBXFileReference section */

/* Begin PBXFrameworksBuildPhase section */
		FADA3B332409505F00E0DB2D /* Frameworks */ = {
			isa = PBXFrameworksBuildPhase;
			buildActionMask = 2147483647;
			files = (
				FADA3B542409520B00E0DB2D /* LoadingUI.framework in Frameworks */,
			);
			runOnlyForDeploymentPostprocessing = 0;
		};
/* End PBXFrameworksBuildPhase section */

/* Begin PBXGroup section */
		FADA3B2D2409505F00E0DB2D = {
			isa = PBXGroup;
			children = (
				FADA3B382409506000E0DB2D /* LoadingUITest */,
				FADA3B4D2409507B00E0DB2D /* Frameworks */,
				FADA3B372409505F00E0DB2D /* Products */,
			);
			sourceTree = "<group>";
		};
		FADA3B372409505F00E0DB2D /* Products */ = {
			isa = PBXGroup;
			children = (
				FADA3B362409505F00E0DB2D /* LoadingUITest.app */,
			);
			name = Products;
			sourceTree = "<group>";
		};
		FADA3B382409506000E0DB2D /* LoadingUITest */ = {
			isa = PBXGroup;
			children = (
				FADA3B392409506000E0DB2D /* AppDelegate.swift */,
				FADA3B3B2409506000E0DB2D /* SceneDelegate.swift */,
				FADA3B5B240953DE00E0DB2D /* MainViewController.swift */,
				FADA3B3F2409506000E0DB2D /* Main.storyboard */,
				FADA3B422409506100E0DB2D /* Assets.xcassets */,
				FADA3B442409506100E0DB2D /* LaunchScreen.storyboard */,
				FADA3B472409506100E0DB2D /* Info.plist */,
			);
			path = LoadingUITest;
			sourceTree = "<group>";
		};
		FADA3B4D2409507B00E0DB2D /* Frameworks */ = {
			isa = PBXGroup;
			children = (
				FADA3B4E240950C200E0DB2D /* LoadingUI.xcodeproj */,
			);
			path = Frameworks;
			sourceTree = "<group>";
		};
		FADA3B4F240950C200E0DB2D /* Products */ = {
			isa = PBXGroup;
			children = (
				FADA3B53240950C200E0DB2D /* LoadingUI.framework */,
			);
			name = Products;
			sourceTree = "<group>";
		};
/* End PBXGroup section */

/* Begin PBXNativeTarget section */
		FADA3B352409505F00E0DB2D /* LoadingUITest */ = {
			isa = PBXNativeTarget;
			buildConfigurationList = FADA3B4A2409506100E0DB2D /* Build configuration list for PBXNativeTarget "LoadingUITest" */;
			buildPhases = (
				FADA3B322409505F00E0DB2D /* Sources */,
				FADA3B332409505F00E0DB2D /* Frameworks */,
				FADA3B342409505F00E0DB2D /* Resources */,
				FADA3B562409520C00E0DB2D /* Embed Frameworks */,
			);
			buildRules = (
			);
			dependencies = (
			);
			name = LoadingUITest;
			productName = LoadingUITest;
			productReference = FADA3B362409505F00E0DB2D /* LoadingUITest.app */;
			productType = "com.apple.product-type.application";
		};
/* End PBXNativeTarget section */

/* Begin PBXProject section */
		FADA3B2E2409505F00E0DB2D /* Project object */ = {
			isa = PBXProject;
			attributes = {
				LastSwiftUpdateCheck = 1130;
				LastUpgradeCheck = 1130;
				ORGANIZATIONNAME = "Alexander Supe";
				TargetAttributes = {
					FADA3B352409505F00E0DB2D = {
						CreatedOnToolsVersion = 11.3.1;
					};
				};
			};
			buildConfigurationList = FADA3B312409505F00E0DB2D /* Build configuration list for PBXProject "LoadingUITest" */;
			compatibilityVersion = "Xcode 9.3";
			developmentRegion = en;
			hasScannedForEncodings = 0;
			knownRegions = (
				en,
				Base,
			);
			mainGroup = FADA3B2D2409505F00E0DB2D;
			productRefGroup = FADA3B372409505F00E0DB2D /* Products */;
			projectDirPath = "";
			projectReferences = (
				{
					ProductGroup = FADA3B4F240950C200E0DB2D /* Products */;
					ProjectRef = FADA3B4E240950C200E0DB2D /* LoadingUI.xcodeproj */;
				},
			);
			projectRoot = "";
			targets = (
				FADA3B352409505F00E0DB2D /* LoadingUITest */,
			);
		};
/* End PBXProject section */

/* Begin PBXReferenceProxy section */
		FADA3B53240950C200E0DB2D /* LoadingUI.framework */ = {
			isa = PBXReferenceProxy;
			fileType = wrapper.framework;
			path = LoadingUI.framework;
			remoteRef = FADA3B52240950C200E0DB2D /* PBXContainerItemProxy */;
			sourceTree = BUILT_PRODUCTS_DIR;
		};
/* End PBXReferenceProxy section */

/* Begin PBXResourcesBuildPhase section */
		FADA3B342409505F00E0DB2D /* Resources */ = {
			isa = PBXResourcesBuildPhase;
			buildActionMask = 2147483647;
			files = (
				FADA3B462409506100E0DB2D /* LaunchScreen.storyboard in Resources */,
				FADA3B432409506100E0DB2D /* Assets.xcassets in Resources */,
				FADA3B412409506000E0DB2D /* Main.storyboard in Resources */,
			);
			runOnlyForDeploymentPostprocessing = 0;
		};
/* End PBXResourcesBuildPhase section */

/* Begin PBXSourcesBuildPhase section */
		FADA3B322409505F00E0DB2D /* Sources */ = {
			isa = PBXSourcesBuildPhase;
			buildActionMask = 2147483647;
			files = (
				FADA3B5C240953DE00E0DB2D /* MainViewController.swift in Sources */,
				FADA3B3A2409506000E0DB2D /* AppDelegate.swift in Sources */,
				FADA3B3C2409506000E0DB2D /* SceneDelegate.swift in Sources */,
			);
			runOnlyForDeploymentPostprocessing = 0;
		};
/* End PBXSourcesBuildPhase section */

/* Begin PBXVariantGroup section */
		FADA3B3F2409506000E0DB2D /* Main.storyboard */ = {
			isa = PBXVariantGroup;
			children = (
				FADA3B402409506000E0DB2D /* Base */,
			);
			name = Main.storyboard;
			sourceTree = "<group>";
		};
		FADA3B442409506100E0DB2D /* LaunchScreen.storyboard */ = {
			isa = PBXVariantGroup;
			children = (
				FADA3B452409506100E0DB2D /* Base */,
			);
			name = LaunchScreen.storyboard;
			sourceTree = "<group>";
		};
/* End PBXVariantGroup section */

/* Begin XCBuildConfiguration section */
		FADA3B482409506100E0DB2D /* Debug */ = {
			isa = XCBuildConfiguration;
			buildSettings = {
				ALWAYS_SEARCH_USER_PATHS = NO;
				CLANG_ANALYZER_NONNULL = YES;
				CLANG_ANALYZER_NUMBER_OBJECT_CONVERSION = YES_AGGRESSIVE;
				CLANG_CXX_LANGUAGE_STANDARD = "gnu++14";
				CLANG_CXX_LIBRARY = "libc++";
				CLANG_ENABLE_MODULES = YES;
				CLANG_ENABLE_OBJC_ARC = YES;
				CLANG_ENABLE_OBJC_WEAK = YES;
				CLANG_WARN_BLOCK_CAPTURE_AUTORELEASING = YES;
				CLANG_WARN_BOOL_CONVERSION = YES;
				CLANG_WARN_COMMA = YES;
				CLANG_WARN_CONSTANT_CONVERSION = YES;
				CLANG_WARN_DEPRECATED_OBJC_IMPLEMENTATIONS = YES;
				CLANG_WARN_DIRECT_OBJC_ISA_USAGE = YES_ERROR;
				CLANG_WARN_DOCUMENTATION_COMMENTS = YES;
				CLANG_WARN_EMPTY_BODY = YES;
				CLANG_WARN_ENUM_CONVERSION = YES;
				CLANG_WARN_INFINITE_RECURSION = YES;
				CLANG_WARN_INT_CONVERSION = YES;
				CLANG_WARN_NON_LITERAL_NULL_CONVERSION = YES;
				CLANG_WARN_OBJC_IMPLICIT_RETAIN_SELF = YES;
				CLANG_WARN_OBJC_LITERAL_CONVERSION = YES;
				CLANG_WARN_OBJC_ROOT_CLASS = YES_ERROR;
				CLANG_WARN_RANGE_LOOP_ANALYSIS = YES;
				CLANG_WARN_STRICT_PROTOTYPES = YES;
				CLANG_WARN_SUSPICIOUS_MOVE = YES;
				CLANG_WARN_UNGUARDED_AVAILABILITY = YES_AGGRESSIVE;
				CLANG_WARN_UNREACHABLE_CODE = YES;
				CLANG_WARN__DUPLICATE_METHOD_MATCH = YES;
				COPY_PHASE_STRIP = NO;
				DEBUG_INFORMATION_FORMAT = dwarf;
				ENABLE_STRICT_OBJC_MSGSEND = YES;
				ENABLE_TESTABILITY = YES;
				GCC_C_LANGUAGE_STANDARD = gnu11;
				GCC_DYNAMIC_NO_PIC = NO;
				GCC_NO_COMMON_BLOCKS = YES;
				GCC_OPTIMIZATION_LEVEL = 0;
				GCC_PREPROCESSOR_DEFINITIONS = (
					"DEBUG=1",
					"$(inherited)",
				);
				GCC_WARN_64_TO_32_BIT_CONVERSION = YES;
				GCC_WARN_ABOUT_RETURN_TYPE = YES_ERROR;
				GCC_WARN_UNDECLARED_SELECTOR = YES;
				GCC_WARN_UNINITIALIZED_AUTOS = YES_AGGRESSIVE;
				GCC_WARN_UNUSED_FUNCTION = YES;
				GCC_WARN_UNUSED_VARIABLE = YES;
				IPHONEOS_DEPLOYMENT_TARGET = 13.2;
				MTL_ENABLE_DEBUG_INFO = INCLUDE_SOURCE;
				MTL_FAST_MATH = YES;
				ONLY_ACTIVE_ARCH = YES;
				SDKROOT = iphoneos;
				SWIFT_ACTIVE_COMPILATION_CONDITIONS = DEBUG;
				SWIFT_OPTIMIZATION_LEVEL = "-Onone";
			};
			name = Debug;
		};
		FADA3B492409506100E0DB2D /* Release */ = {
			isa = XCBuildConfiguration;
			buildSettings = {
				ALWAYS_SEARCH_USER_PATHS = NO;
				CLANG_ANALYZER_NONNULL = YES;
				CLANG_ANALYZER_NUMBER_OBJECT_CONVERSION = YES_AGGRESSIVE;
				CLANG_CXX_LANGUAGE_STANDARD = "gnu++14";
				CLANG_CXX_LIBRARY = "libc++";
				CLANG_ENABLE_MODULES = YES;
				CLANG_ENABLE_OBJC_ARC = YES;
				CLANG_ENABLE_OBJC_WEAK = YES;
				CLANG_WARN_BLOCK_CAPTURE_AUTORELEASING = YES;
				CLANG_WARN_BOOL_CONVERSION = YES;
				CLANG_WARN_COMMA = YES;
				CLANG_WARN_CONSTANT_CONVERSION = YES;
				CLANG_WARN_DEPRECATED_OBJC_IMPLEMENTATIONS = YES;
				CLANG_WARN_DIRECT_OBJC_ISA_USAGE = YES_ERROR;
				CLANG_WARN_DOCUMENTATION_COMMENTS = YES;
				CLANG_WARN_EMPTY_BODY = YES;
				CLANG_WARN_ENUM_CONVERSION = YES;
				CLANG_WARN_INFINITE_RECURSION = YES;
				CLANG_WARN_INT_CONVERSION = YES;
				CLANG_WARN_NON_LITERAL_NULL_CONVERSION = YES;
				CLANG_WARN_OBJC_IMPLICIT_RETAIN_SELF = YES;
				CLANG_WARN_OBJC_LITERAL_CONVERSION = YES;
				CLANG_WARN_OBJC_ROOT_CLASS = YES_ERROR;
				CLANG_WARN_RANGE_LOOP_ANALYSIS = YES;
				CLANG_WARN_STRICT_PROTOTYPES = YES;
				CLANG_WARN_SUSPICIOUS_MOVE = YES;
				CLANG_WARN_UNGUARDED_AVAILABILITY = YES_AGGRESSIVE;
				CLANG_WARN_UNREACHABLE_CODE = YES;
				CLANG_WARN__DUPLICATE_METHOD_MATCH = YES;
				COPY_PHASE_STRIP = NO;
				DEBUG_INFORMATION_FORMAT = "dwarf-with-dsym";
				ENABLE_NS_ASSERTIONS = NO;
				ENABLE_STRICT_OBJC_MSGSEND = YES;
				GCC_C_LANGUAGE_STANDARD = gnu11;
				GCC_NO_COMMON_BLOCKS = YES;
				GCC_WARN_64_TO_32_BIT_CONVERSION = YES;
				GCC_WARN_ABOUT_RETURN_TYPE = YES_ERROR;
				GCC_WARN_UNDECLARED_SELECTOR = YES;
				GCC_WARN_UNINITIALIZED_AUTOS = YES_AGGRESSIVE;
				GCC_WARN_UNUSED_FUNCTION = YES;
				GCC_WARN_UNUSED_VARIABLE = YES;
				IPHONEOS_DEPLOYMENT_TARGET = 13.2;
				MTL_ENABLE_DEBUG_INFO = NO;
				MTL_FAST_MATH = YES;
				SDKROOT = iphoneos;
				SWIFT_COMPILATION_MODE = wholemodule;
				SWIFT_OPTIMIZATION_LEVEL = "-O";
				VALIDATE_PRODUCT = YES;
			};
			name = Release;
		};
		FADA3B4B2409506100E0DB2D /* Debug */ = {
			isa = XCBuildConfiguration;
			buildSettings = {
				ASSETCATALOG_COMPILER_APPICON_NAME = AppIcon;
				CODE_SIGN_STYLE = Automatic;
				DEVELOPMENT_TEAM = W3345P6L7S;
				INFOPLIST_FILE = LoadingUITest/Info.plist;
				LD_RUNPATH_SEARCH_PATHS = (
					"$(inherited)",
					"@executable_path/Frameworks",
				);
				PRODUCT_BUNDLE_IDENTIFIER = com.alex.LoadingUITest;
				PRODUCT_NAME = "$(TARGET_NAME)";
				SWIFT_VERSION = 5.0;
				TARGETED_DEVICE_FAMILY = "1,2";
			};
			name = Debug;
		};
		FADA3B4C2409506100E0DB2D /* Release */ = {
			isa = XCBuildConfiguration;
			buildSettings = {
				ASSETCATALOG_COMPILER_APPICON_NAME = AppIcon;
				CODE_SIGN_STYLE = Automatic;
				DEVELOPMENT_TEAM = W3345P6L7S;
				INFOPLIST_FILE = LoadingUITest/Info.plist;
				LD_RUNPATH_SEARCH_PATHS = (
					"$(inherited)",
					"@executable_path/Frameworks",
				);
				PRODUCT_BUNDLE_IDENTIFIER = com.alex.LoadingUITest;
				PRODUCT_NAME = "$(TARGET_NAME)";
				SWIFT_VERSION = 5.0;
				TARGETED_DEVICE_FAMILY = "1,2";
			};
			name = Release;
		};
/* End XCBuildConfiguration section */

/* Begin XCConfigurationList section */
		FADA3B312409505F00E0DB2D /* Build configuration list for PBXProject "LoadingUITest" */ = {
			isa = XCConfigurationList;
			buildConfigurations = (
				FADA3B482409506100E0DB2D /* Debug */,
				FADA3B492409506100E0DB2D /* Release */,
			);
			defaultConfigurationIsVisible = 0;
			defaultConfigurationName = Release;
		};
		FADA3B4A2409506100E0DB2D /* Build configuration list for PBXNativeTarget "LoadingUITest" */ = {
			isa = XCConfigurationList;
			buildConfigurations = (
				FADA3B4B2409506100E0DB2D /* Debug */,
				FADA3B4C2409506100E0DB2D /* Release */,
			);
			defaultConfigurationIsVisible = 0;
			defaultConfigurationName = Release;
		};
/* End XCConfigurationList section */
	};
	rootObject = FADA3B2E2409505F00E0DB2D /* Project object */;
}
